
Microsoft Visual Studio Solution File, Format Version 12.00
# Visual Studio Version 16
VisualStudioVersion = 16.0.32510.428
MinimumVisualStudioVersion = 10.0.40219.1
Project("{FAE04EC0-301F-11D3-BF4B-00C04F79EFBC}") = "proyect-asp", "proyect-asp\proyect-asp.csproj", "{1AB4610F-746A-4097-831F-13F763BE46B5}"
EndProject
Global
	GlobalSection(SolutionConfigurationPlatforms) = preSolution
		Debug|Any CPU = Debug|Any CPU
		Release|Any CPU = Release|Any CPU
	EndGlobalSection
	GlobalSection(ProjectConfigurationPlatforms) = postSolution
		{1AB4610F-746A-4097-831F-13F763BE46B5}.Debug|Any CPU.ActiveCfg = Debug|Any CPU
		{1AB4610F-746A-4097-831F-13F763BE46B5}.Debug|Any CPU.Build.0 = Debug|Any CPU
		{1AB4610F-746A-4097-831F-13F763BE46B5}.Release|Any CPU.ActiveCfg = Release|Any CPU
		{1AB4610F-746A-4097-831F-13F763BE46B5}.Release|Any CPU.Build.0 = Release|Any CPU
	EndGlobalSection
	GlobalSection(SolutionProperties) = preSolution
		HideSolutionNode = FALSE
	EndGlobalSection
	GlobalSection(ExtensibilityGlobals) = postSolution
		SolutionGuid = {C4A2886B-C260-4481-9A94-CA3D64C9E8CE}
	EndGlobalSection
EndGlobal
